
Microsoft Visual Studio Solution File, Format Version 12.00
# Visual Studio Version 17
VisualStudioVersion = 17.14.36811.4 d17.14
MinimumVisualStudioVersion = 10.0.40219.1
Project("{FAE04EC0-301F-11D3-BF4B-00C04F79EFBC}") = "XmasTree", "XmasTree\XmasTree.csproj", "{2BDE031E-305C-478D-8441-762DB6859E00}"
EndProject
Global
	GlobalSection(SolutionConfigurationPlatforms) = preSolution
		Debug|Any CPU = Debug|Any CPU
		Release|Any CPU = Release|Any CPU
	EndGlobalSection
	GlobalSection(ProjectConfigurationPlatforms) = postSolution
		{2BDE031E-305C-478D-8441-762DB6859E00}.Debug|Any CPU.ActiveCfg = Debug|Any CPU
		{2BDE031E-305C-478D-8441-762DB6859E00}.Debug|Any CPU.Build.0 = Debug|Any CPU
		{2BDE031E-305C-478D-8441-762DB6859E00}.Release|Any CPU.ActiveCfg = Release|Any CPU
		{2BDE031E-305C-478D-8441-762DB6859E00}.Release|Any CPU.Build.0 = Release|Any CPU
	EndGlobalSection
	GlobalSection(SolutionProperties) = preSolution
		HideSolutionNode = FALSE
	EndGlobalSection
	GlobalSection(ExtensibilityGlobals) = postSolution
		SolutionGuid = {84640DF2-D480-4D96-9C82-794533DAAD0D}
	EndGlobalSection
EndGlobal
